PODS:
  - Koloda (5.0.1):
    - pop (~> 1.0)
  - lottie-ios (3.1.8)
  - pop (1.0.12)
  - Realm (5.4.2):
    - Realm/Headers (= 5.4.2)
  - Realm/Headers (5.4.2)
  - RealmSwift (5.4.2):
    - Realm (= 5.4.2)

DEPENDENCIES:
  - Koloda (= 5.0.1)
  - lottie-ios
  - RealmSwift

SPEC REPOS:
  trunk:
    - Koloda
    - lottie-ios
    - pop
    - Realm
    - RealmSwift

SPEC CHECKSUMS:
  Koloda: d07b9199a383abc5898b62aa945a599f5e7c0c4b
  lottie-ios: 48fac6be217c76937e36e340e2d09cf7b10b7f5f
  pop: d582054913807fd11fd50bfe6a539d91c7e1a55a
  Realm: ced868eb0254f8d33a21c06981355e5aa33bc005
  RealmSwift: aedc4363150f3c61f91ae0537ed116d2d080a4dd

PODFILE CHECKSUM: b27b78d26313ab44c43ed8437ad1d42cbb841d18

COCOAPODS: 1.9.3
